
Microsoft Visual Studio Solution File, Format Version 12.00
# Visual Studio Version 17
VisualStudioVersion = 17.14.36414.22 d17.14
MinimumVisualStudioVersion = 10.0.40219.1
Project("{FAE04EC0-301F-11D3-BF4B-00C04F79EFBC}") = "atividade02", "atividade02\atividade02.csproj", "{83CAC550-6F72-4077-AFC3-5887DAEA67F7}"
EndProject
Global
	GlobalSection(SolutionConfigurationPlatforms) = preSolution
		Debug|Any CPU = Debug|Any CPU
		Release|Any CPU = Release|Any CPU
	EndGlobalSection
	GlobalSection(ProjectConfigurationPlatforms) = postSolution
		{83CAC550-6F72-4077-AFC3-5887DAEA67F7}.Debug|Any CPU.ActiveCfg = Debug|Any CPU
		{83CAC550-6F72-4077-AFC3-5887DAEA67F7}.Debug|Any CPU.Build.0 = Debug|Any CPU
		{83CAC550-6F72-4077-AFC3-5887DAEA67F7}.Release|Any CPU.ActiveCfg = Release|Any CPU
		{83CAC550-6F72-4077-AFC3-5887DAEA67F7}.Release|Any CPU.Build.0 = Release|Any CPU
	EndGlobalSection
	GlobalSection(SolutionProperties) = preSolution
		HideSolutionNode = FALSE
	EndGlobalSection
	GlobalSection(ExtensibilityGlobals) = postSolution
		SolutionGuid = {F65DBBF3-3B83-4116-93AF-2AFDE7541626}
	EndGlobalSection
EndGlobal
